<?xml version="1.0" encoding="utf-8"?>
<Project ToolsVersion="4.0" xmlns="http://schemas.microsoft.com/developer/msbuild/2003">
  <ItemGroup>
    <Filter Include="Source Files">
      <UniqueIdentifier>{4FC737F1-C7A5-4376-A066-2A32D752A2FF}</UniqueIdentifier>
      <Extensions>cpp;c;cc;cxx;def;odl;idl;hpj;bat;asm;asmx</Extensions>
    </Filter>
    <Filter Include="Header Files">
      <UniqueIdentifier>{93995380-89BD-4b04-88EB-625FBE52EBFB}</UniqueIdentifier>
      <Extensions>h;hh;hpp;hxx;hm;inl;inc;xsd</Extensions>
    </Filter>
    <Filter Include="Resource Files">
      <UniqueIdentifier>{67DA6AB6-F800-4c08-8B7A-83BB121AAD01}</UniqueIdentifier>
      <Extensions>rc;ico;cur;bmp;dlg;rc2;rct;bin;rgs;gif;jpg;jpeg;jpe;resx;tiff;tif;png;wav;mfcribbon-ms</Extensions>
    </Filter>
    <Filter Include="Header Files\Stavy">
      <UniqueIdentifier>{1fd75349-82d5-4fab-b98c-36605dee3fa8}</UniqueIdentifier>
    </Filter>
    <Filter Include="Source Files\Stavy">
      <UniqueIdentifier>{0d991cd9-acbf-4123-8507-849356c753fd}</UniqueIdentifier>
    </Filter>
    <Filter Include="Header Files\Mapa">
      <UniqueIdentifier>{35e35e2f-12af-41d5-9f64-7ca9f1dce236}</UniqueIdentifier>
    </Filter>
    <Filter Include="Source Files\Mapa">
      <UniqueIdentifier>{e10837fa-c6f7-4311-a098-bc0b653c3e4b}</UniqueIdentifier>
    </Filter>
    <Filter Include="Source Files\Json">
      <UniqueIdentifier>{f6b5b60f-bf19-4eec-82aa-692561fe35c8}</UniqueIdentifier>
    </Filter>
    <Filter Include="Header Files\Json">
      <UniqueIdentifier>{86d57cb4-e101-4f5a-a8c2-d04200c0076a}</UniqueIdentifier>
    </Filter>
    <Filter Include="Source Files\Mapa\Policka">
      <UniqueIdentifier>{023dd431-28c8-4929-b7bf-583f03ce189a}</UniqueIdentifier>
    </Filter>
    <Filter Include="Header Files\Mapa\Policka">
      <UniqueIdentifier>{6da94602-5148-4afd-8bd0-b166d98eeba2}</UniqueIdentifier>
    </Filter>
    <Filter Include="Header Files\Inventar">
      <UniqueIdentifier>{4d707b66-db27-40af-b570-c4c7291aab75}</UniqueIdentifier>
    </Filter>
    <Filter Include="Source Files\Inventar">
      <UniqueIdentifier>{4df75059-f5c0-43d1-8144-756b53be6d2d}</UniqueIdentifier>
    </Filter>
    <Filter Include="Source Files\Dialog">
      <UniqueIdentifier>{af1f628e-2a5b-4685-b2d9-2d28ae93aed6}</UniqueIdentifier>
    </Filter>
    <Filter Include="Header Files\Dialog">
      <UniqueIdentifier>{066c92de-bc04-4c87-b777-47b1b8b50336}</UniqueIdentifier>
    </Filter>
    <Filter Include="Header Files\Akcie">
      <UniqueIdentifier>{a4324041-8c3c-4b4b-bcd6-5b12bc354da5}</UniqueIdentifier>
    </Filter>
    <Filter Include="Source Files\Akcie">
      <UniqueIdentifier>{3de62b65-fd86-4fb1-a40f-ef79cda26851}</UniqueIdentifier>
    </Filter>
    <Filter Include="Header Files\Akcie\Efekty">
      <UniqueIdentifier>{7eed5388-1cde-42a4-ae65-044bee56df3e}</UniqueIdentifier>
    </Filter>
    <Filter Include="Source Files\Akcie\Efekty">
      <UniqueIdentifier>{c50e8b49-d6a2-4a56-89ce-81aeadd0c275}</UniqueIdentifier>
    </Filter>
    <Filter Include="Header Files\Questy">
      <UniqueIdentifier>{e28a32a2-b197-4e00-a8f3-c2b3779a49c5}</UniqueIdentifier>
    </Filter>
    <Filter Include="Source Files\Questy">
      <UniqueIdentifier>{df7a8422-f81d-46f0-b42d-450c425a7aa8}</UniqueIdentifier>
    </Filter>
  </ItemGroup>
  <ItemGroup>
    <ClInclude Include="Stav.h">
      <Filter>Header Files\Stavy</Filter>
    </ClInclude>
    <ClInclude Include="StavVolbaZamerania.h">
      <Filter>Header Files\Stavy</Filter>
    </ClInclude>
    <ClInclude Include="Hra.h">
      <Filter>Header Files</Filter>
    </ClInclude>
    <ClInclude Include="StavHlavneMenu.h">
      <Filter>Header Files\Stavy</Filter>
    </ClInclude>
    <ClInclude Include="Animacia.h">
      <Filter>Header Files</Filter>
    </ClInclude>
    <ClInclude Include="Zameranie.h">
      <Filter>Header Files</Filter>
    </ClInclude>
    <ClInclude Include="Hrac.h">
      <Filter>Header Files</Filter>
    </ClInclude>
    <ClInclude Include="StavRozhrania.h">
      <Filter>Header Files\Stavy</Filter>
    </ClInclude>
    <ClInclude Include="StavHranieHry.h">
      <Filter>Header Files\Stavy</Filter>
    </ClInclude>
    <ClInclude Include="StavPauza.h">
      <Filter>Header Files\Stavy</Filter>
    </ClInclude>
    <ClInclude Include="Vrstva.h">
      <Filter>Header Files\Mapa</Filter>
    </ClInclude>
    <ClInclude Include="Mapa.h">
      <Filter>Header Files\Mapa</Filter>
    </ClInclude>
    <ClInclude Include="json.h">
      <Filter>Header Files\Json</Filter>
    </ClInclude>
    <ClInclude Include="json-forwards.h">
      <Filter>Header Files\Json</Filter>
    </ClInclude>
    <ClInclude Include="Policko.h">
      <Filter>Header Files\Mapa\Policka</Filter>
    </ClInclude>
    <ClInclude Include="PolickoDvere.h">
      <Filter>Header Files\Mapa\Policka</Filter>
    </ClInclude>
    <ClInclude Include="Loader.h">
      <Filter>Header Files</Filter>
    </ClInclude>
    <ClInclude Include="StavInfoHraca.h">
      <Filter>Header Files\Stavy</Filter>
    </ClInclude>
    <ClInclude Include="Statistika.h">
      <Filter>Header Files</Filter>
    </ClInclude>
    <ClInclude Include="Predmet.h">
      <Filter>Header Files\Inventar</Filter>
    </ClInclude>
    <ClInclude Include="StavInventar.h">
      <Filter>Header Files\Stavy</Filter>
    </ClInclude>
    <ClInclude Include="Inventar.h">
      <Filter>Header Files\Inventar</Filter>
    </ClInclude>
    <ClInclude Include="Pouzitelny.h">
      <Filter>Header Files\Inventar</Filter>
    </ClInclude>
    <ClInclude Include="Oblecenie.h">
      <Filter>Header Files\Inventar</Filter>
    </ClInclude>
    <ClInclude Include="Npc.h">
      <Filter>Header Files</Filter>
    </ClInclude>
    <ClInclude Include="StavDialog.h">
      <Filter>Header Files\Stavy</Filter>
    </ClInclude>
    <ClInclude Include="DialogovyStrom.h">
      <Filter>Header Files\Dialog</Filter>
    </ClInclude>
    <ClInclude Include="PolickoBoj.h">
      <Filter>Header Files\Mapa\Policka</Filter>
    </ClInclude>
    <ClInclude Include="Elixir.h">
      <Filter>Header Files\Inventar</Filter>
    </ClInclude>
    <ClInclude Include="Zbran.h">
      <Filter>Header Files\Inventar</Filter>
    </ClInclude>
    <ClInclude Include="Tlacidlo.h">
      <Filter>Header Files</Filter>
    </ClInclude>
    <ClInclude Include="Akcia.h">
      <Filter>Header Files\Akcie</Filter>
    </ClInclude>
    <ClInclude Include="PopupOkno.h">
      <Filter>Header Files</Filter>
    </ClInclude>
    <ClInclude Include="Nepriatel.h">
      <Filter>Header Files</Filter>
    </ClInclude>
    <ClInclude Include="Boj.h">
      <Filter>Header Files</Filter>
    </ClInclude>
    <ClInclude Include="StavBoj.h">
      <Filter>Header Files\Stavy</Filter>
    </ClInclude>
    <ClInclude Include="Timer.h">
      <Filter>Header Files</Filter>
    </ClInclude>
    <ClInclude Include="AkciaDmg.h">
      <Filter>Header Files\Akcie</Filter>
    </ClInclude>
    <ClInclude Include="AkciaPoskodenieZbranou.h">
      <Filter>Header Files\Akcie</Filter>
    </ClInclude>
    <ClInclude Include="AkciaLiecenie.h">
      <Filter>Header Files\Akcie</Filter>
    </ClInclude>
    <ClInclude Include="Efekt.h">
      <Filter>Header Files\Akcie\Efekty</Filter>
    </ClInclude>
    <ClInclude Include="EfektUpravStat.h">
      <Filter>Header Files\Akcie\Efekty</Filter>
    </ClInclude>
    <ClInclude Include="AkciaPridanieEfektu.h">
      <Filter>Header Files\Akcie</Filter>
    </ClInclude>
    <ClInclude Include="VolbaObchodovanie.h">
      <Filter>Header Files\Dialog</Filter>
    </ClInclude>
    <ClInclude Include="StavObchod.h">
      <Filter>Header Files\Stavy</Filter>
    </ClInclude>
    <ClInclude Include="VolbaVyliecenie.h">
      <Filter>Header Files\Dialog</Filter>
    </ClInclude>
    <ClInclude Include="VolbaUpravaQuestu.h">
      <Filter>Header Files\Dialog</Filter>
    </ClInclude>
    <ClInclude Include="Generator.h">
      <Filter>Header Files</Filter>
    </ClInclude>
    <ClInclude Include="QuestPolozka.h">
      <Filter>Header Files\Dialog</Filter>
    </ClInclude>
    <ClInclude Include="Quest.h">
      <Filter>Header Files\Questy</Filter>
    </ClInclude>
    <ClInclude Include="QuestManager.h">
      <Filter>Header Files\Questy</Filter>
    </ClInclude>
    <ClInclude Include="QuestOdmena.h">
      <Filter>Header Files\Questy</Filter>
    </ClInclude>
    <ClInclude Include="StavPrehladQuestov.h">
      <Filter>Header Files\Stavy</Filter>
    </ClInclude>
    <ClInclude Include="Poziadavka.h">
      <Filter>Header Files\Questy</Filter>
    </ClInclude>
    <ClInclude Include="VolbaPredQpolozkou.h">
      <Filter>Header Files\Dialog</Filter>
    </ClInclude>
    <ClInclude Include="Oblast.h">
      <Filter>Header Files\Mapa</Filter>
    </ClInclude>
    <ClInclude Include="StavLoading.h">
      <Filter>Header Files\Stavy</Filter>
    </ClInclude>
    <ClInclude Include="VolbaBoj.h">
      <Filter>Header Files\Dialog</Filter>
    </ClInclude>
    <ClInclude Include="Audio.h">
      <Filter>Header Files</Filter>
    </ClInclude>
    <ClInclude Include="AudioManager.h">
      <Filter>Header Files</Filter>
    </ClInclude>
    <ClInclude Include="StavCredits.h">
      <Filter>Header Files\Stavy</Filter>
    </ClInclude>
  </ItemGroup>
  <ItemGroup>
    <ClCompile Include="main.cpp">
      <Filter>Source Files</Filter>
    </ClCompile>
    <ClCompile Include="Stav.cpp">
      <Filter>Source Files\Stavy</Filter>
    </ClCompile>
    <ClCompile Include="StavVolbaZamerania.cpp">
      <Filter>Source Files\Stavy</Filter>
    </ClCompile>
    <ClCompile Include="Hra.cpp">
      <Filter>Source Files</Filter>
    </ClCompile>
    <ClCompile Include="StavHlavneMenu.cpp">
      <Filter>Source Files\Stavy</Filter>
    </ClCompile>
    <ClCompile Include="Animacia.cpp">
      <Filter>Source Files</Filter>
    </ClCompile>
    <ClCompile Include="Zameranie.cpp">
      <Filter>Source Files</Filter>
    </ClCompile>
    <ClCompile Include="Hrac.cpp">
      <Filter>Source Files</Filter>
    </ClCompile>
    <ClCompile Include="StavHranieHry.cpp">
      <Filter>Source Files\Stavy</Filter>
    </ClCompile>
    <ClCompile Include="StavRozhrania.cpp">
      <Filter>Source Files\Stavy</Filter>
    </ClCompile>
    <ClCompile Include="StavPauza.cpp">
      <Filter>Source Files\Stavy</Filter>
    </ClCompile>
    <ClCompile Include="Vrstva.cpp">
      <Filter>Source Files\Mapa</Filter>
    </ClCompile>
    <ClCompile Include="Mapa.cpp">
      <Filter>Source Files\Mapa</Filter>
    </ClCompile>
    <ClCompile Include="json.cpp">
      <Filter>Source Files\Json</Filter>
    </ClCompile>
    <ClCompile Include="Policko.cpp">
      <Filter>Source Files\Mapa\Policka</Filter>
    </ClCompile>
    <ClCompile Include="PolickoDvere.cpp">
      <Filter>Source Files\Mapa\Policka</Filter>
    </ClCompile>
    <ClCompile Include="Statistika.cpp">
      <Filter>Source Files</Filter>
    </ClCompile>
    <ClCompile Include="StavInfoHraca.cpp">
      <Filter>Source Files\Stavy</Filter>
    </ClCompile>
    <ClCompile Include="Loader.cpp">
      <Filter>Source Files</Filter>
    </ClCompile>
    <ClCompile Include="Predmet.cpp">
      <Filter>Source Files\Inventar</Filter>
    </ClCompile>
    <ClCompile Include="StavInventar.cpp">
      <Filter>Source Files\Stavy</Filter>
    </ClCompile>
    <ClCompile Include="Inventar.cpp">
      <Filter>Source Files\Inventar</Filter>
    </ClCompile>
    <ClCompile Include="Pouzitelny.cpp">
      <Filter>Source Files\Inventar</Filter>
    </ClCompile>
    <ClCompile Include="Oblecenie.cpp">
      <Filter>Source Files\Inventar</Filter>
    </ClCompile>
    <ClCompile Include="Npc.cpp">
      <Filter>Source Files</Filter>
    </ClCompile>
    <ClCompile Include="StavDialog.cpp">
      <Filter>Source Files\Stavy</Filter>
    </ClCompile>
    <ClCompile Include="DialogovyStrom.cpp">
      <Filter>Source Files\Dialog</Filter>
    </ClCompile>
    <ClCompile Include="PolickoBoj.cpp">
      <Filter>Source Files\Mapa\Policka</Filter>
    </ClCompile>
    <ClCompile Include="Elixir.cpp">
      <Filter>Source Files\Inventar</Filter>
    </ClCompile>
    <ClCompile Include="Zbran.cpp">
      <Filter>Source Files\Inventar</Filter>
    </ClCompile>
    <ClCompile Include="Tlacidlo.cpp">
      <Filter>Source Files</Filter>
    </ClCompile>
    <ClCompile Include="Akcia.cpp">
      <Filter>Source Files\Akcie</Filter>
    </ClCompile>
    <ClCompile Include="PopupOkno.cpp">
      <Filter>Source Files</Filter>
    </ClCompile>
    <ClCompile Include="Nepriatel.cpp">
      <Filter>Source Files</Filter>
    </ClCompile>
    <ClCompile Include="Boj.cpp">
      <Filter>Source Files</Filter>
    </ClCompile>
    <ClCompile Include="StavBoj.cpp">
      <Filter>Source Files\Stavy</Filter>
    </ClCompile>
    <ClCompile Include="Timer.cpp">
      <Filter>Source Files</Filter>
    </ClCompile>
    <ClCompile Include="AkciaDmg.cpp">
      <Filter>Source Files\Akcie</Filter>
    </ClCompile>
    <ClCompile Include="AkciaPoskodenieZbranou.cpp">
      <Filter>Source Files\Akcie</Filter>
    </ClCompile>
    <ClCompile Include="AkciaLiecenie.cpp">
      <Filter>Source Files\Akcie</Filter>
    </ClCompile>
    <ClCompile Include="Efekt.cpp">
      <Filter>Source Files\Akcie\Efekty</Filter>
    </ClCompile>
    <ClCompile Include="EfektUpravStat.cpp">
      <Filter>Source Files\Akcie\Efekty</Filter>
    </ClCompile>
    <ClCompile Include="AkciaPridanieEfektu.cpp">
      <Filter>Source Files\Akcie</Filter>
    </ClCompile>
    <ClCompile Include="VolbaObchodovanie.cpp">
      <Filter>Source Files\Dialog</Filter>
    </ClCompile>
    <ClCompile Include="StavObchod.cpp">
      <Filter>Source Files\Stavy</Filter>
    </ClCompile>
    <ClCompile Include="VolbaVyliecenie.cpp">
      <Filter>Source Files\Dialog</Filter>
    </ClCompile>
    <ClCompile Include="VolbaUpravaQuestu.cpp">
      <Filter>Source Files\Dialog</Filter>
    </ClCompile>
    <ClCompile Include="Generator.cpp">
      <Filter>Source Files</Filter>
    </ClCompile>
    <ClCompile Include="QuestPolozka.cpp">
      <Filter>Source Files\Dialog</Filter>
    </ClCompile>
    <ClCompile Include="Quest.cpp">
      <Filter>Source Files\Questy</Filter>
    </ClCompile>
    <ClCompile Include="QuestManager.cpp">
      <Filter>Source Files\Questy</Filter>
    </ClCompile>
    <ClCompile Include="QuestOdmena.cpp">
      <Filter>Source Files\Questy</Filter>
    </ClCompile>
    <ClCompile Include="StavPrehladQuestov.cpp">
      <Filter>Source Files\Stavy</Filter>
    </ClCompile>
    <ClCompile Include="Poziadavka.cpp">
      <Filter>Source Files\Questy</Filter>
    </ClCompile>
    <ClCompile Include="VolbaPredQpolozkou.cpp">
      <Filter>Source Files\Dialog</Filter>
    </ClCompile>
    <ClCompile Include="Oblast.cpp">
      <Filter>Source Files\Mapa</Filter>
    </ClCompile>
    <ClCompile Include="StavLoading.cpp">
      <Filter>Source Files\Stavy</Filter>
    </ClCompile>
    <ClCompile Include="VolbaBoj.cpp">
      <Filter>Source Files\Dialog</Filter>
    </ClCompile>
    <ClCompile Include="Audio.cpp">
      <Filter>Source Files</Filter>
    </ClCompile>
    <ClCompile Include="AudioManager.cpp">
      <Filter>Source Files</Filter>
    </ClCompile>
    <ClCompile Include="StavCredits.cpp">
      <Filter>Source Files\Stavy</Filter>
    </ClCompile>
  </ItemGroup>
</Project>